
Microsoft Visual Studio Solution File, Format Version 12.00
# Visual Studio 15
VisualStudioVersion = 15.0.27130.2027
MinimumVisualStudioVersion = 10.0.40219.1
Project("{9A19103F-16F7-4668-BE54-9A1E7A4F7556}") = "platypus", "platypus\platypus.csproj", "{0E1813D1-DD05-498A-897E-A945E501AD01}"
EndProject
Project("{2150E333-8FDC-42A3-9474-1A3956D46DE8}") = "Solution Items", "Solution Items", "{CFEC3A31-F7FA-454B-B9B0-01A2F3C6A801}"
	ProjectSection(SolutionItems) = preProject
		PlatypusWebApiRuleSet.ruleset = PlatypusWebApiRuleSet.ruleset
	EndProjectSection
EndProject
Global
	GlobalSection(SolutionConfigurationPlatforms) = preSolution
		Debug|Any CPU = Debug|Any CPU
		Release|Any CPU = Release|Any CPU
	EndGlobalSection
	GlobalSection(ProjectConfigurationPlatforms) = postSolution
		{0E1813D1-DD05-498A-897E-A945E501AD01}.Debug|Any CPU.ActiveCfg = Debug|Any CPU
		{0E1813D1-DD05-498A-897E-A945E501AD01}.Debug|Any CPU.Build.0 = Debug|Any CPU
		{0E1813D1-DD05-498A-897E-A945E501AD01}.Release|Any CPU.ActiveCfg = Release|Any CPU
		{0E1813D1-DD05-498A-897E-A945E501AD01}.Release|Any CPU.Build.0 = Release|Any CPU
	EndGlobalSection
	GlobalSection(SolutionProperties) = preSolution
		HideSolutionNode = FALSE
	EndGlobalSection
	GlobalSection(ExtensibilityGlobals) = postSolution
		SolutionGuid = {EC1B9281-A2A4-4BEA-A5DB-08B952F1ADFA}
	EndGlobalSection
EndGlobal
